
Microsoft Visual Studio Solution File, Format Version 12.00
# Visual Studio Version 16
VisualStudioVersion = 16.0.33801.447
MinimumVisualStudioVersion = 10.0.40219.1
Project("{F184B08F-C81C-45F6-A57F-5ABD9991F28F}") = "TopicSystem01", "TopicSystem01\TopicSystem01.vbproj", "{37ECC840-A9B3-460A-BEBC-3F6347AEA148}"
EndProject
Global
	GlobalSection(SolutionConfigurationPlatforms) = preSolution
		Debug|Any CPU = Debug|Any CPU
		Release|Any CPU = Release|Any CPU
	EndGlobalSection
	GlobalSection(ProjectConfigurationPlatforms) = postSolution
		{37ECC840-A9B3-460A-BEBC-3F6347AEA148}.Debug|Any CPU.ActiveCfg = Debug|Any CPU
		{37ECC840-A9B3-460A-BEBC-3F6347AEA148}.Debug|Any CPU.Build.0 = Debug|Any CPU
		{37ECC840-A9B3-460A-BEBC-3F6347AEA148}.Release|Any CPU.ActiveCfg = Release|Any CPU
		{37ECC840-A9B3-460A-BEBC-3F6347AEA148}.Release|Any CPU.Build.0 = Release|Any CPU
	EndGlobalSection
	GlobalSection(SolutionProperties) = preSolution
		HideSolutionNode = FALSE
	EndGlobalSection
	GlobalSection(ExtensibilityGlobals) = postSolution
		SolutionGuid = {46AD0220-9EBB-45E7-8E8E-DD01F7CA3B28}
	EndGlobalSection
EndGlobal
